
Microsoft Visual Studio Solution File, Format Version 12.00
# Visual Studio Version 16
VisualStudioVersion = 16.0.29503.13
MinimumVisualStudioVersion = 10.0.40219.1
Project("{FAE04EC0-301F-11D3-BF4B-00C04F79EFBC}") = "HastaneYonetimSistemi", "HastaneYonetimSistemi\HastaneYonetimSistemi.csproj", "{B353CDCD-DB32-4701-9675-1F9EE3DACE93}"
EndProject
Global
	GlobalSection(SolutionConfigurationPlatforms) = preSolution
		Debug|Any CPU = Debug|Any CPU
		Release|Any CPU = Release|Any CPU
	EndGlobalSection
	GlobalSection(ProjectConfigurationPlatforms) = postSolution
		{B353CDCD-DB32-4701-9675-1F9EE3DACE93}.Debug|Any CPU.ActiveCfg = Debug|Any CPU
		{B353CDCD-DB32-4701-9675-1F9EE3DACE93}.Debug|Any CPU.Build.0 = Debug|Any CPU
		{B353CDCD-DB32-4701-9675-1F9EE3DACE93}.Release|Any CPU.ActiveCfg = Release|Any CPU
		{B353CDCD-DB32-4701-9675-1F9EE3DACE93}.Release|Any CPU.Build.0 = Release|Any CPU
	EndGlobalSection
	GlobalSection(SolutionProperties) = preSolution
		HideSolutionNode = FALSE
	EndGlobalSection
	GlobalSection(ExtensibilityGlobals) = postSolution
		SolutionGuid = {DED143D2-F017-477B-A4F4-B7ED1CFE14CD}
	EndGlobalSection
EndGlobal
